<?xml version="1.0" encoding="utf-8"?>
<Project ToolsVersion="4.0" xmlns="http://schemas.microsoft.com/developer/msbuild/2003">
  <ItemGroup>
    <Filter Include="Source Files">
      <UniqueIdentifier>{4FC737F1-C7A5-4376-A066-2A32D752A2FF}</UniqueIdentifier>
      <Extensions>cpp;c;cc;cxx;def;odl;idl;hpj;bat;asm;asmx</Extensions>
    </Filter>
    <Filter Include="Header Files">
      <UniqueIdentifier>{93995380-89BD-4b04-88EB-625FBE52EBFB}</UniqueIdentifier>
      <Extensions>h;hh;hpp;hxx;hm;inl;inc;xsd</Extensions>
    </Filter>
    <Filter Include="Resource Files">
      <UniqueIdentifier>{67DA6AB6-F800-4c08-8B7A-83BB121AAD01}</UniqueIdentifier>
      <Extensions>rc;ico;cur;bmp;dlg;rc2;rct;bin;rgs;gif;jpg;jpeg;jpe;resx;tiff;tif;png;wav;mfcribbon-ms</Extensions>
    </Filter>
    <Filter Include="lib">
      <UniqueIdentifier>{39c57de0-8673-419c-b036-ef9cff8275e2}</UniqueIdentifier>
    </Filter>
    <Filter Include="lib\interrupter">
      <UniqueIdentifier>{a2c256b0-b7b7-4a2d-8321-80b2df80fac5}</UniqueIdentifier>
    </Filter>
  </ItemGroup>
  <ItemGroup>
    <ClCompile Include="..\..\src\xxsocket.cpp">
      <Filter>lib</Filter>
    </ClCompile>
    <ClCompile Include="..\..\src\ibinarystream.cpp">
      <Filter>lib</Filter>
    </ClCompile>
    <ClCompile Include="..\..\src\obinarystream.cpp">
      <Filter>lib</Filter>
    </ClCompile>
    <ClCompile Include="..\..\src\deadline_timer.cpp">
      <Filter>lib</Filter>
    </ClCompile>
    <ClCompile Include="cpptest.cpp">
      <Filter>Source Files</Filter>
    </ClCompile>
    <ClCompile Include="..\..\src\async_socket_io.cpp">
      <Filter>lib</Filter>
    </ClCompile>
  </ItemGroup>
  <ItemGroup>
    <ClInclude Include="..\..\src\xxsocket.h">
      <Filter>lib</Filter>
    </ClInclude>
    <ClInclude Include="..\..\src\ibinarystream.h">
      <Filter>lib</Filter>
    </ClInclude>
    <ClInclude Include="..\..\src\obinarystream.h">
      <Filter>lib</Filter>
    </ClInclude>
    <ClInclude Include="..\..\src\deadline_timer.h">
      <Filter>lib</Filter>
    </ClInclude>
    <ClInclude Include="..\..\src\eventfd_select_interrupter.hpp">
      <Filter>lib\interrupter</Filter>
    </ClInclude>
    <ClInclude Include="..\..\src\pipe_select_interrupter.hpp">
      <Filter>lib\interrupter</Filter>
    </ClInclude>
    <ClInclude Include="..\..\src\socket_select_interrupter.hpp">
      <Filter>lib\interrupter</Filter>
    </ClInclude>
    <ClInclude Include="..\..\src\select_interrupter.hpp">
      <Filter>lib\interrupter</Filter>
    </ClInclude>
    <ClInclude Include="..\..\src\async_socket_io.h">
      <Filter>lib</Filter>
    </ClInclude>
  </ItemGroup>
  <ItemGroup>
    <None Include="..\..\src\eventfd_select_interrupter.ipp">
      <Filter>lib\interrupter</Filter>
    </None>
    <None Include="..\..\src\pipe_select_interrupter.ipp">
      <Filter>lib\interrupter</Filter>
    </None>
    <None Include="..\..\src\socket_select_interrupter.ipp">
      <Filter>lib\interrupter</Filter>
    </None>
  </ItemGroup>
</Project>