<?xml version="1.0" encoding="utf-8"?>
<Project ToolsVersion="4.0" xmlns="http://schemas.microsoft.com/developer/msbuild/2003">
  <ItemGroup>
    <ClCompile Include="..\..\src\ibinarystream.cpp" />
    <ClCompile Include="..\..\src\masio.cpp" />
    <ClCompile Include="..\..\src\obinarystream.cpp" />
    <ClCompile Include="..\..\src\xxsocket.cpp" />
    <ClCompile Include="cpptest.cpp" />
  </ItemGroup>
  <ItemGroup>
    <ClInclude Include="..\..\src\eventfd_select_interrupter.hpp" />
    <ClInclude Include="..\..\src\ibinarystream.h" />
    <ClInclude Include="..\..\src\masio.h" />
    <ClInclude Include="..\..\src\obinarystream.h" />
    <ClInclude Include="..\..\src\pipe_select_interrupter.hpp" />
    <ClInclude Include="..\..\src\select_interrupter.hpp" />
    <ClInclude Include="..\..\src\socket_select_interrupter.hpp" />
    <ClInclude Include="..\..\src\xxsocket.h" />
    <ClInclude Include="..\..\src\string_view.hpp" />
  </ItemGroup>
  <ItemGroup>
    <None Include="..\..\src\eventfd_select_interrupter.ipp" />
    <None Include="..\..\src\pipe_select_interrupter.ipp" />
    <None Include="..\..\src\socket_select_interrupter.ipp" />
  </ItemGroup>
</Project>